{
  "object": {
    "pins": [
      {
        "package": "swift-argument-parser",
        "repositoryURL": "https://github.com/apple/swift-argument-parser.git",
        "state": {
          "branch": null,
          "revision": "46989693916f56d1186bd59ac15124caef896560",
          "version": "1.3.1"
        }
      },
      {
        "package": "XcodeReleases",
        "repositoryURL": "https://github.com/xcodereleases/xcodereleases.git",
        "state": {
          "branch": "main",
          "revision": "195c76255a8f3f27c463b3821233bfdfc6a95c81",
          "version": null
        }
      }
    ]
  },
  "version": 1
}
