{
  "originHash" : "91f8ea13f63a55f39cf88af8d59cc9291c679b69970285ad499b0ca03209565e",
  "pins" : [
    {
      "identity" : "swift-argument-parser",
      "kind" : "remoteSourceControl",
      "location" : "https://github.com/apple/swift-argument-parser.git",
      "state" : {
        "revision" : "46989693916f56d1186bd59ac15124caef896560",
        "version" : "1.3.1"
      }
    },
    {
      "identity" : "xcodereleases",
      "kind" : "remoteSourceControl",
      "location" : "https://github.com/xcodereleases/xcodereleases.git",
      "state" : {
        "branch" : "main",
        "revision" : "b1fef53a1d97d3917a0f426503755381df225e77"
      }
    }
  ],
  "version" : 3
}
