{
  "object": {
    "pins": [
      {
        "package": "swift-argument-parser",
        "repositoryURL": "https://github.com/apple/swift-argument-parser.git",
        "state": {
          "branch": null,
          "revision": "fee6933f37fde9a5e12a1e4aeaa93fe60116ff2a",
          "version": "1.2.2"
        }
      },
      {
        "package": "XcodeReleases",
        "repositoryURL": "https://github.com/xcodereleases/xcodereleases.git",
        "state": {
          "branch": "main",
          "revision": "195c76255a8f3f27c463b3821233bfdfc6a95c81",
          "version": null
        }
      }
    ]
  },
  "version": 1
}
